
Microsoft Visual Studio Solution File, Format Version 12.00
# Visual Studio Version 17
VisualStudioVersion = 17.3.32929.385
MinimumVisualStudioVersion = 10.0.40219.1
Project("{9A19103F-16F7-4668-BE54-9A1E7A4F7556}") = "EnergyCompany", "EnergyCompany\EnergyCompany.csproj", "{F8BB68AA-C42B-47B1-83DE-43AD3905ED03}"
EndProject
Project("{2150E333-8FDC-42A3-9474-1A3956D46DE8}") = "Solution Items", "Solution Items", "{D647C81C-907E-423B-9559-566BF5056761}"
	ProjectSection(SolutionItems) = preProject
		.editorconfig = .editorconfig
	EndProjectSection
EndProject
Project("{FAE04EC0-301F-11D3-BF4B-00C04F79EFBC}") = "EnergyCompanyTests", "EnergyCompanyTests\EnergyCompanyTests.csproj", "{5CFFD962-71E8-4D9A-ABED-0D7BD5DA003B}"
EndProject
Global
	GlobalSection(SolutionConfigurationPlatforms) = preSolution
		Debug|Any CPU = Debug|Any CPU
		Release|Any CPU = Release|Any CPU
	EndGlobalSection
	GlobalSection(ProjectConfigurationPlatforms) = postSolution
		{F8BB68AA-C42B-47B1-83DE-43AD3905ED03}.Debug|Any CPU.ActiveCfg = Debug|Any CPU
		{F8BB68AA-C42B-47B1-83DE-43AD3905ED03}.Debug|Any CPU.Build.0 = Debug|Any CPU
		{F8BB68AA-C42B-47B1-83DE-43AD3905ED03}.Release|Any CPU.ActiveCfg = Release|Any CPU
		{F8BB68AA-C42B-47B1-83DE-43AD3905ED03}.Release|Any CPU.Build.0 = Release|Any CPU
		{5CFFD962-71E8-4D9A-ABED-0D7BD5DA003B}.Debug|Any CPU.ActiveCfg = Debug|Any CPU
		{5CFFD962-71E8-4D9A-ABED-0D7BD5DA003B}.Debug|Any CPU.Build.0 = Debug|Any CPU
		{5CFFD962-71E8-4D9A-ABED-0D7BD5DA003B}.Release|Any CPU.ActiveCfg = Release|Any CPU
		{5CFFD962-71E8-4D9A-ABED-0D7BD5DA003B}.Release|Any CPU.Build.0 = Release|Any CPU
	EndGlobalSection
	GlobalSection(SolutionProperties) = preSolution
		HideSolutionNode = FALSE
	EndGlobalSection
	GlobalSection(ExtensibilityGlobals) = postSolution
		SolutionGuid = {CEF1F4A2-D4BA-4C0B-9EBA-12C720942ACD}
	EndGlobalSection
EndGlobal
